
Microsoft Visual Studio Solution File, Format Version 12.00
# Visual Studio Version 17
VisualStudioVersion = 17.8.34511.84
MinimumVisualStudioVersion = 10.0.40219.1
Project("{FAE04EC0-301F-11D3-BF4B-00C04F79EFBC}") = "Webp Convert Antony", "Webp Convert Antony\Webp Convert Antony.csproj", "{433DDBCB-6D87-4AAA-98FC-9C52F77ECCEC}"
EndProject
Global
	GlobalSection(SolutionConfigurationPlatforms) = preSolution
		Debug|Any CPU = Debug|Any CPU
		Release|Any CPU = Release|Any CPU
	EndGlobalSection
	GlobalSection(ProjectConfigurationPlatforms) = postSolution
		{433DDBCB-6D87-4AAA-98FC-9C52F77ECCEC}.Debug|Any CPU.ActiveCfg = Debug|Any CPU
		{433DDBCB-6D87-4AAA-98FC-9C52F77ECCEC}.Debug|Any CPU.Build.0 = Debug|Any CPU
		{433DDBCB-6D87-4AAA-98FC-9C52F77ECCEC}.Release|Any CPU.ActiveCfg = Release|Any CPU
		{433DDBCB-6D87-4AAA-98FC-9C52F77ECCEC}.Release|Any CPU.Build.0 = Release|Any CPU
	EndGlobalSection
	GlobalSection(SolutionProperties) = preSolution
		HideSolutionNode = FALSE
	EndGlobalSection
	GlobalSection(ExtensibilityGlobals) = postSolution
		SolutionGuid = {B8BAC802-0A57-4BF5-A1F7-E4AF1A866FEF}
	EndGlobalSection
EndGlobal
